{
  "name": "counter",
  "version": "1.0.0",
  "lockfileVersion": 3,
  "requires": true,
  "packages": {
    "": {
      "name": "counter",
      "version": "1.0.0",
      "license": "ISC",
      "dependencies": {
        "pulsekit": "^0.0.2"
      }
    },
    "node_modules/pulsekit": {
      "version": "0.0.2",
      "resolved": "https://registry.npmjs.org/pulsekit/-/pulsekit-0.0.2.tgz",
      "integrity": "sha512-qoVT+FpCPx1/n1ckBx8pyNI5LO2KGGEowRGr6h2h8qe9P3WA8dZffebT+pDw7aEVAntaVAODrfkSVptOqDlNmg==",
      "license": "MIT"
    }
  }
}
